// !$*UTF8*$!
{
	archiveVersion = 1;
	classes = {
	};
	objectVersion = 46;
	objects = {

/* Begin PBXBuildFile section */
		D23F183018C393660003D925 /* IconPickerViewController.m in Sources */ = {isa = PBXBuildFile; fileRef = D23F182F18C393660003D925 /* IconPickerViewController.m */; };
		D29DC41F18BF88EE003D5D24 /* Foundation.framework in Frameworks */ = {isa = PBXBuildFile; fileRef = D29DC41E18BF88EE003D5D24 /* Foundation.framework */; };
		D29DC42118BF88EE003D5D24 /* CoreGraphics.framework in Frameworks */ = {isa = PBXBuildFile; fileRef = D29DC42018BF88EE003D5D24 /* CoreGraphics.framework */; };
		D29DC42318BF88EE003D5D24 /* UIKit.framework in Frameworks */ = {isa = PBXBuildFile; fileRef = D29DC42218BF88EE003D5D24 /* UIKit.framework */; };
		D29DC42918BF88EE003D5D24 /* InfoPlist.strings in Resources */ = {isa = PBXBuildFile; fileRef = D29DC42718BF88EE003D5D24 /* InfoPlist.strings */; };
		D29DC42B18BF88EE003D5D24 /* main.m in Sources */ = {isa = PBXBuildFile; fileRef = D29DC42A18BF88EE003D5D24 /* main.m */; };
		D29DC42F18BF88EE003D5D24 /* ChecklistsAppDelegate.m in Sources */ = {isa = PBXBuildFile; fileRef = D29DC42E18BF88EE003D5D24 /* ChecklistsAppDelegate.m */; };
		D29DC43218BF88EE003D5D24 /* Main.storyboard in Resources */ = {isa = PBXBuildFile; fileRef = D29DC43018BF88EE003D5D24 /* Main.storyboard */; };
		D29DC43518BF88EE003D5D24 /* ChecklistViewController.m in Sources */ = {isa = PBXBuildFile; fileRef = D29DC43418BF88EE003D5D24 /* ChecklistViewController.m */; };
		D29DC43718BF88EE003D5D24 /* Images.xcassets in Resources */ = {isa = PBXBuildFile; fileRef = D29DC43618BF88EE003D5D24 /* Images.xcassets */; };
		D29DC43E18BF88EE003D5D24 /* XCTest.framework in Frameworks */ = {isa = PBXBuildFile; fileRef = D29DC43D18BF88EE003D5D24 /* XCTest.framework */; };
		D29DC43F18BF88EE003D5D24 /* Foundation.framework in Frameworks */ = {isa = PBXBuildFile; fileRef = D29DC41E18BF88EE003D5D24 /* Foundation.framework */; };
		D29DC44018BF88EE003D5D24 /* UIKit.framework in Frameworks */ = {isa = PBXBuildFile; fileRef = D29DC42218BF88EE003D5D24 /* UIKit.framework */; };
		D29DC44818BF88EE003D5D24 /* InfoPlist.strings in Resources */ = {isa = PBXBuildFile; fileRef = D29DC44618BF88EE003D5D24 /* InfoPlist.strings */; };
		D29DC44A18BF88EE003D5D24 /* ChecklistsTests.m in Sources */ = {isa = PBXBuildFile; fileRef = D29DC44918BF88EE003D5D24 /* ChecklistsTests.m */; };
		D29DC45518C109F8003D5D24 /* ChecklistItem.m in Sources */ = {isa = PBXBuildFile; fileRef = D29DC45418C109F8003D5D24 /* ChecklistItem.m */; };
		D29DC45818C123B0003D5D24 /* ItemDetailViewController.m in Sources */ = {isa = PBXBuildFile; fileRef = D29DC45718C123B0003D5D24 /* ItemDetailViewController.m */; };
		D29DC45B18C2874A003D5D24 /* AllListsViewController.m in Sources */ = {isa = PBXBuildFile; fileRef = D29DC45A18C2874A003D5D24 /* AllListsViewController.m */; };
		D2C8918A18C291B400285767 /* Checklist.m in Sources */ = {isa = PBXBuildFile; fileRef = D2C8918918C291B400285767 /* Checklist.m */; };
		D2C8918D18C2966500285767 /* ListDetailViewController.m in Sources */ = {isa = PBXBuildFile; fileRef = D2C8918C18C2966500285767 /* ListDetailViewController.m */; };
		D2EC82F518C3776D0091C21D /* DataModel.m in Sources */ = {isa = PBXBuildFile; fileRef = D2EC82F418C3776D0091C21D /* DataModel.m */; };
/* End PBXBuildFile section */

/* Begin PBXContainerItemProxy section */
		D29DC44118BF88EE003D5D24 /* PBXContainerItemProxy */ = {
			isa = PBXContainerItemProxy;
			containerPortal = D29DC41318BF88EE003D5D24 /* Project object */;
			proxyType = 1;
			remoteGlobalIDString = D29DC41A18BF88EE003D5D24;
			remoteInfo = Checklists;
		};
/* End PBXContainerItemProxy section */

/* Begin PBXFileReference section */
		D23F182E18C393660003D925 /* IconPickerViewController.h */ = {isa = PBXFileReference; fileEncoding = 4; lastKnownFileType = sourcecode.c.h; path = IconPickerViewController.h; sourceTree = "<group>"; };
		D23F182F18C393660003D925 /* IconPickerViewController.m */ = {isa = PBXFileReference; fileEncoding = 4; lastKnownFileType = sourcecode.c.objc; path = IconPickerViewController.m; sourceTree = "<group>"; };
		D29DC41B18BF88EE003D5D24 /* Checklists.app */ = {isa = PBXFileReference; explicitFileType = wrapper.application; includeInIndex = 0; path = Checklists.app; sourceTree = BUILT_PRODUCTS_DIR; };
		D29DC41E18BF88EE003D5D24 /* Foundation.framework */ = {isa = PBXFileReference; lastKnownFileType = wrapper.framework; name = Foundation.framework; path = System/Library/Frameworks/Foundation.framework; sourceTree = SDKROOT; };
		D29DC42018BF88EE003D5D24 /* CoreGraphics.framework */ = {isa = PBXFileReference; lastKnownFileType = wrapper.framework; name = CoreGraphics.framework; path = System/Library/Frameworks/CoreGraphics.framework; sourceTree = SDKROOT; };
		D29DC42218BF88EE003D5D24 /* UIKit.framework */ = {isa = PBXFileReference; lastKnownFileType = wrapper.framework; name = UIKit.framework; path = System/Library/Frameworks/UIKit.framework; sourceTree = SDKROOT; };
		D29DC42618BF88EE003D5D24 /* Checklists-Info.plist */ = {isa = PBXFileReference; lastKnownFileType = text.plist.xml; path = "Checklists-Info.plist"; sourceTree = "<group>"; };
		D29DC42818BF88EE003D5D24 /* en */ = {isa = PBXFileReference; lastKnownFileType = text.plist.strings; name = en; path = en.lproj/InfoPlist.strings; sourceTree = "<group>"; };
		D29DC42A18BF88EE003D5D24 /* main.m */ = {isa = PBXFileReference; lastKnownFileType = sourcecode.c.objc; path = main.m; sourceTree = "<group>"; };
		D29DC42C18BF88EE003D5D24 /* Checklists-Prefix.pch */ = {isa = PBXFileReference; lastKnownFileType = sourcecode.c.h; path = "Checklists-Prefix.pch"; sourceTree = "<group>"; };
		D29DC42D18BF88EE003D5D24 /* ChecklistsAppDelegate.h */ = {isa = PBXFileReference; lastKnownFileType = sourcecode.c.h; path = ChecklistsAppDelegate.h; sourceTree = "<group>"; };
		D29DC42E18BF88EE003D5D24 /* ChecklistsAppDelegate.m */ = {isa = PBXFileReference; lastKnownFileType = sourcecode.c.objc; path = ChecklistsAppDelegate.m; sourceTree = "<group>"; };
		D29DC43118BF88EE003D5D24 /* Base */ = {isa = PBXFileReference; lastKnownFileType = file.storyboard; name = Base; path = Base.lproj/Main.storyboard; sourceTree = "<group>"; };
		D29DC43318BF88EE003D5D24 /* ChecklistViewController.h */ = {isa = PBXFileReference; lastKnownFileType = sourcecode.c.h; path = ChecklistViewController.h; sourceTree = "<group>"; };
		D29DC43418BF88EE003D5D24 /* ChecklistViewController.m */ = {isa = PBXFileReference; lastKnownFileType = sourcecode.c.objc; lineEnding = 0; path = ChecklistViewController.m; sourceTree = "<group>"; xcLanguageSpecificationIdentifier = xcode.lang.objc; };
		D29DC43618BF88EE003D5D24 /* Images.xcassets */ = {isa = PBXFileReference; lastKnownFileType = folder.assetcatalog; path = Images.xcassets; sourceTree = "<group>"; };
		D29DC43C18BF88EE003D5D24 /* ChecklistsTests.xctest */ = {isa = PBXFileReference; explicitFileType = wrapper.cfbundle; includeInIndex = 0; path = ChecklistsTests.xctest; sourceTree = BUILT_PRODUCTS_DIR; };
		D29DC43D18BF88EE003D5D24 /* XCTest.framework */ = {isa = PBXFileReference; lastKnownFileType = wrapper.framework; name = XCTest.framework; path = Library/Frameworks/XCTest.framework; sourceTree = DEVELOPER_DIR; };
		D29DC44518BF88EE003D5D24 /* ChecklistsTests-Info.plist */ = {isa = PBXFileReference; lastKnownFileType = text.plist.xml; path = "ChecklistsTests-Info.plist"; sourceTree = "<group>"; };
		D29DC44718BF88EE003D5D24 /* en */ = {isa = PBXFileReference; lastKnownFileType = text.plist.strings; name = en; path = en.lproj/InfoPlist.strings; sourceTree = "<group>"; };
		D29DC44918BF88EE003D5D24 /* ChecklistsTests.m */ = {isa = PBXFileReference; lastKnownFileType = sourcecode.c.objc; path = ChecklistsTests.m; sourceTree = "<group>"; };
		D29DC45318C109F8003D5D24 /* ChecklistItem.h */ = {isa = PBXFileReference; fileEncoding = 4; lastKnownFileType = sourcecode.c.h; path = ChecklistItem.h; sourceTree = "<group>"; };
		D29DC45418C109F8003D5D24 /* ChecklistItem.m */ = {isa = PBXFileReference; fileEncoding = 4; lastKnownFileType = sourcecode.c.objc; path = ChecklistItem.m; sourceTree = "<group>"; };
		D29DC45618C123B0003D5D24 /* ItemDetailViewController.h */ = {isa = PBXFileReference; fileEncoding = 4; lastKnownFileType = sourcecode.c.h; lineEnding = 0; path = ItemDetailViewController.h; sourceTree = "<group>"; xcLanguageSpecificationIdentifier = xcode.lang.objcpp; };
		D29DC45718C123B0003D5D24 /* ItemDetailViewController.m */ = {isa = PBXFileReference; fileEncoding = 4; lastKnownFileType = sourcecode.c.objc; lineEnding = 0; path = ItemDetailViewController.m; sourceTree = "<group>"; xcLanguageSpecificationIdentifier = xcode.lang.objc; };
		D29DC45918C2874A003D5D24 /* AllListsViewController.h */ = {isa = PBXFileReference; fileEncoding = 4; lastKnownFileType = sourcecode.c.h; path = AllListsViewController.h; sourceTree = "<group>"; };
		D29DC45A18C2874A003D5D24 /* AllListsViewController.m */ = {isa = PBXFileReference; fileEncoding = 4; lastKnownFileType = sourcecode.c.objc; path = AllListsViewController.m; sourceTree = "<group>"; };
		D2C8918818C291B400285767 /* Checklist.h */ = {isa = PBXFileReference; fileEncoding = 4; lastKnownFileType = sourcecode.c.h; path = Checklist.h; sourceTree = "<group>"; };
		D2C8918918C291B400285767 /* Checklist.m */ = {isa = PBXFileReference; fileEncoding = 4; lastKnownFileType = sourcecode.c.objc; path = Checklist.m; sourceTree = "<group>"; };
		D2C8918B18C2966500285767 /* ListDetailViewController.h */ = {isa = PBXFileReference; fileEncoding = 4; lastKnownFileType = sourcecode.c.h; path = ListDetailViewController.h; sourceTree = "<group>"; };
		D2C8918C18C2966500285767 /* ListDetailViewController.m */ = {isa = PBXFileReference; fileEncoding = 4; lastKnownFileType = sourcecode.c.objc; path = ListDetailViewController.m; sourceTree = "<group>"; };
		D2EC82F318C3776D0091C21D /* DataModel.h */ = {isa = PBXFileReference; fileEncoding = 4; lastKnownFileType = sourcecode.c.h; path = DataModel.h; sourceTree = "<group>"; };
		D2EC82F418C3776D0091C21D /* DataModel.m */ = {isa = PBXFileReference; fileEncoding = 4; lastKnownFileType = sourcecode.c.objc; path = DataModel.m; sourceTree = "<group>"; };
/* End PBXFileReference section */

/* Begin PBXFrameworksBuildPhase section */
		D29DC41818BF88EE003D5D24 /* Frameworks */ = {
			isa = PBXFrameworksBuildPhase;
			buildActionMask = 2147483647;
			files = (
				D29DC42118BF88EE003D5D24 /* CoreGraphics.framework in Frameworks */,
				D29DC42318BF88EE003D5D24 /* UIKit.framework in Frameworks */,
				D29DC41F18BF88EE003D5D24 /* Foundation.framework in Frameworks */,
			);
			runOnlyForDeploymentPostprocessing = 0;
		};
		D29DC43918BF88EE003D5D24 /* Frameworks */ = {
			isa = PBXFrameworksBuildPhase;
			buildActionMask = 2147483647;
			files = (
				D29DC43E18BF88EE003D5D24 /* XCTest.framework in Frameworks */,
				D29DC44018BF88EE003D5D24 /* UIKit.framework in Frameworks */,
				D29DC43F18BF88EE003D5D24 /* Foundation.framework in Frameworks */,
			);
			runOnlyForDeploymentPostprocessing = 0;
		};
/* End PBXFrameworksBuildPhase section */

/* Begin PBXGroup section */
		D29DC41218BF88EE003D5D24 = {
			isa = PBXGroup;
			children = (
				D29DC42418BF88EE003D5D24 /* Checklists */,
				D29DC44318BF88EE003D5D24 /* ChecklistsTests */,
				D29DC41D18BF88EE003D5D24 /* Frameworks */,
				D29DC41C18BF88EE003D5D24 /* Products */,
			);
			sourceTree = "<group>";
		};
		D29DC41C18BF88EE003D5D24 /* Products */ = {
			isa = PBXGroup;
			children = (
				D29DC41B18BF88EE003D5D24 /* Checklists.app */,
				D29DC43C18BF88EE003D5D24 /* ChecklistsTests.xctest */,
			);
			name = Products;
			sourceTree = "<group>";
		};
		D29DC41D18BF88EE003D5D24 /* Frameworks */ = {
			isa = PBXGroup;
			children = (
				D29DC41E18BF88EE003D5D24 /* Foundation.framework */,
				D29DC42018BF88EE003D5D24 /* CoreGraphics.framework */,
				D29DC42218BF88EE003D5D24 /* UIKit.framework */,
				D29DC43D18BF88EE003D5D24 /* XCTest.framework */,
			);
			name = Frameworks;
			sourceTree = "<group>";
		};
		D29DC42418BF88EE003D5D24 /* Checklists */ = {
			isa = PBXGroup;
			children = (
				D29DC45918C2874A003D5D24 /* AllListsViewController.h */,
				D29DC45A18C2874A003D5D24 /* AllListsViewController.m */,
				D2C8918818C291B400285767 /* Checklist.h */,
				D2C8918918C291B400285767 /* Checklist.m */,
				D29DC45318C109F8003D5D24 /* ChecklistItem.h */,
				D29DC45418C109F8003D5D24 /* ChecklistItem.m */,
				D29DC42D18BF88EE003D5D24 /* ChecklistsAppDelegate.h */,
				D29DC42E18BF88EE003D5D24 /* ChecklistsAppDelegate.m */,
				D29DC43318BF88EE003D5D24 /* ChecklistViewController.h */,
				D29DC43418BF88EE003D5D24 /* ChecklistViewController.m */,
				D2EC82F318C3776D0091C21D /* DataModel.h */,
				D2EC82F418C3776D0091C21D /* DataModel.m */,
				D23F182E18C393660003D925 /* IconPickerViewController.h */,
				D23F182F18C393660003D925 /* IconPickerViewController.m */,
				D29DC43618BF88EE003D5D24 /* Images.xcassets */,
				D29DC45618C123B0003D5D24 /* ItemDetailViewController.h */,
				D29DC45718C123B0003D5D24 /* ItemDetailViewController.m */,
				D2C8918B18C2966500285767 /* ListDetailViewController.h */,
				D2C8918C18C2966500285767 /* ListDetailViewController.m */,
				D29DC43018BF88EE003D5D24 /* Main.storyboard */,
				D29DC42518BF88EE003D5D24 /* Supporting Files */,
			);
			path = Checklists;
			sourceTree = "<group>";
		};
		D29DC42518BF88EE003D5D24 /* Supporting Files */ = {
			isa = PBXGroup;
			children = (
				D29DC42618BF88EE003D5D24 /* Checklists-Info.plist */,
				D29DC42718BF88EE003D5D24 /* InfoPlist.strings */,
				D29DC42A18BF88EE003D5D24 /* main.m */,
				D29DC42C18BF88EE003D5D24 /* Checklists-Prefix.pch */,
			);
			name = "Supporting Files";
			sourceTree = "<group>";
		};
		D29DC44318BF88EE003D5D24 /* ChecklistsTests */ = {
			isa = PBXGroup;
			children = (
				D29DC44918BF88EE003D5D24 /* ChecklistsTests.m */,
				D29DC44418BF88EE003D5D24 /* Supporting Files */,
			);
			path = ChecklistsTests;
			sourceTree = "<group>";
		};
		D29DC44418BF88EE003D5D24 /* Supporting Files */ = {
			isa = PBXGroup;
			children = (
				D29DC44518BF88EE003D5D24 /* ChecklistsTests-Info.plist */,
				D29DC44618BF88EE003D5D24 /* InfoPlist.strings */,
			);
			name = "Supporting Files";
			sourceTree = "<group>";
		};
/* End PBXGroup section */

/* Begin PBXNativeTarget section */
		D29DC41A18BF88EE003D5D24 /* Checklists */ = {
			isa = PBXNativeTarget;
			buildConfigurationList = D29DC44D18BF88EE003D5D24 /* Build configuration list for PBXNativeTarget "Checklists" */;
			buildPhases = (
				D29DC41718BF88EE003D5D24 /* Sources */,
				D29DC41818BF88EE003D5D24 /* Frameworks */,
				D29DC41918BF88EE003D5D24 /* Resources */,
			);
			buildRules = (
			);
			dependencies = (
			);
			name = Checklists;
			productName = Checklists;
			productReference = D29DC41B18BF88EE003D5D24 /* Checklists.app */;
			productType = "com.apple.product-type.application";
		};
		D29DC43B18BF88EE003D5D24 /* ChecklistsTests */ = {
			isa = PBXNativeTarget;
			buildConfigurationList = D29DC45018BF88EE003D5D24 /* Build configuration list for PBXNativeTarget "ChecklistsTests" */;
			buildPhases = (
				D29DC43818BF88EE003D5D24 /* Sources */,
				D29DC43918BF88EE003D5D24 /* Frameworks */,
				D29DC43A18BF88EE003D5D24 /* Resources */,
			);
			buildRules = (
			);
			dependencies = (
				D29DC44218BF88EE003D5D24 /* PBXTargetDependency */,
			);
			name = ChecklistsTests;
			productName = ChecklistsTests;
			productReference = D29DC43C18BF88EE003D5D24 /* ChecklistsTests.xctest */;
			productType = "com.apple.product-type.bundle.unit-test";
		};
/* End PBXNativeTarget section */

/* Begin PBXProject section */
		D29DC41318BF88EE003D5D24 /* Project object */ = {
			isa = PBXProject;
			attributes = {
				CLASSPREFIX = Checklists;
				LastUpgradeCheck = 0500;
				ORGANIZATIONNAME = "Optimac, Inc.";
				TargetAttributes = {
					D29DC43B18BF88EE003D5D24 = {
						TestTargetID = D29DC41A18BF88EE003D5D24;
					};
				};
			};
			buildConfigurationList = D29DC41618BF88EE003D5D24 /* Build configuration list for PBXProject "Checklists" */;
			compatibilityVersion = "Xcode 3.2";
			developmentRegion = English;
			hasScannedForEncodings = 0;
			knownRegions = (
				en,
				Base,
			);
			mainGroup = D29DC41218BF88EE003D5D24;
			productRefGroup = D29DC41C18BF88EE003D5D24 /* Products */;
			projectDirPath = "";
			projectRoot = "";
			targets = (
				D29DC41A18BF88EE003D5D24 /* Checklists */,
				D29DC43B18BF88EE003D5D24 /* ChecklistsTests */,
			);
		};
/* End PBXProject section */

/* Begin PBXResourcesBuildPhase section */
		D29DC41918BF88EE003D5D24 /* Resources */ = {
			isa = PBXResourcesBuildPhase;
			buildActionMask = 2147483647;
			files = (
				D29DC43718BF88EE003D5D24 /* Images.xcassets in Resources */,
				D29DC42918BF88EE003D5D24 /* InfoPlist.strings in Resources */,
				D29DC43218BF88EE003D5D24 /* Main.storyboard in Resources */,
			);
			runOnlyForDeploymentPostprocessing = 0;
		};
		D29DC43A18BF88EE003D5D24 /* Resources */ = {
			isa = PBXResourcesBuildPhase;
			buildActionMask = 2147483647;
			files = (
				D29DC44818BF88EE003D5D24 /* InfoPlist.strings in Resources */,
			);
			runOnlyForDeploymentPostprocessing = 0;
		};
/* End PBXResourcesBuildPhase section */

/* Begin PBXSourcesBuildPhase section */
		D29DC41718BF88EE003D5D24 /* Sources */ = {
			isa = PBXSourcesBuildPhase;
			buildActionMask = 2147483647;
			files = (
				D29DC42B18BF88EE003D5D24 /* main.m in Sources */,
				D23F183018C393660003D925 /* IconPickerViewController.m in Sources */,
				D29DC42F18BF88EE003D5D24 /* ChecklistsAppDelegate.m in Sources */,
				D2EC82F518C3776D0091C21D /* DataModel.m in Sources */,
				D29DC45B18C2874A003D5D24 /* AllListsViewController.m in Sources */,
				D2C8918D18C2966500285767 /* ListDetailViewController.m in Sources */,
				D29DC43518BF88EE003D5D24 /* ChecklistViewController.m in Sources */,
				D29DC45818C123B0003D5D24 /* ItemDetailViewController.m in Sources */,
				D29DC45518C109F8003D5D24 /* ChecklistItem.m in Sources */,
				D2C8918A18C291B400285767 /* Checklist.m in Sources */,
			);
			runOnlyForDeploymentPostprocessing = 0;
		};
		D29DC43818BF88EE003D5D24 /* Sources */ = {
			isa = PBXSourcesBuildPhase;
			buildActionMask = 2147483647;
			files = (
				D29DC44A18BF88EE003D5D24 /* ChecklistsTests.m in Sources */,
			);
			runOnlyForDeploymentPostprocessing = 0;
		};
/* End PBXSourcesBuildPhase section */

/* Begin PBXTargetDependency section */
		D29DC44218BF88EE003D5D24 /* PBXTargetDependency */ = {
			isa = PBXTargetDependency;
			target = D29DC41A18BF88EE003D5D24 /* Checklists */;
			targetProxy = D29DC44118BF88EE003D5D24 /* PBXContainerItemProxy */;
		};
/* End PBXTargetDependency section */

/* Begin PBXVariantGroup section */
		D29DC42718BF88EE003D5D24 /* InfoPlist.strings */ = {
			isa = PBXVariantGroup;
			children = (
				D29DC42818BF88EE003D5D24 /* en */,
			);
			name = InfoPlist.strings;
			sourceTree = "<group>";
		};
		D29DC43018BF88EE003D5D24 /* Main.storyboard */ = {
			isa = PBXVariantGroup;
			children = (
				D29DC43118BF88EE003D5D24 /* Base */,
			);
			name = Main.storyboard;
			sourceTree = "<group>";
		};
		D29DC44618BF88EE003D5D24 /* InfoPlist.strings */ = {
			isa = PBXVariantGroup;
			children = (
				D29DC44718BF88EE003D5D24 /* en */,
			);
			name = InfoPlist.strings;
			sourceTree = "<group>";
		};
/* End PBXVariantGroup section */

/* Begin XCBuildConfiguration section */
		D29DC44B18BF88EE003D5D24 /* Debug */ = {
			isa = XCBuildConfiguration;
			buildSettings = {
				ALWAYS_SEARCH_USER_PATHS = NO;
				ARCHS = "$(ARCHS_STANDARD_INCLUDING_64_BIT)";
				CLANG_CXX_LANGUAGE_STANDARD = "gnu++0x";
				CLANG_CXX_LIBRARY = "libc++";
				CLANG_ENABLE_MODULES = YES;
				CLANG_ENABLE_OBJC_ARC = YES;
				CLANG_WARN_BOOL_CONVERSION = YES;
				CLANG_WARN_CONSTANT_CONVERSION = YES;
				CLANG_WARN_DIRECT_OBJC_ISA_USAGE = YES_ERROR;
				CLANG_WARN_EMPTY_BODY = YES;
				CLANG_WARN_ENUM_CONVERSION = YES;
				CLANG_WARN_INT_CONVERSION = YES;
				CLANG_WARN_OBJC_ROOT_CLASS = YES_ERROR;
				CLANG_WARN__DUPLICATE_METHOD_MATCH = YES;
				"CODE_SIGN_IDENTITY[sdk=iphoneos*]" = "iPhone Developer";
				COPY_PHASE_STRIP = NO;
				GCC_C_LANGUAGE_STANDARD = gnu99;
				GCC_DYNAMIC_NO_PIC = NO;
				GCC_OPTIMIZATION_LEVEL = 0;
				GCC_PREPROCESSOR_DEFINITIONS = (
					"DEBUG=1",
					"$(inherited)",
				);
				GCC_SYMBOLS_PRIVATE_EXTERN = NO;
				GCC_WARN_64_TO_32_BIT_CONVERSION = YES;
				GCC_WARN_ABOUT_RETURN_TYPE = YES_ERROR;
				GCC_WARN_UNDECLARED_SELECTOR = YES;
				GCC_WARN_UNINITIALIZED_AUTOS = YES;
				GCC_WARN_UNUSED_FUNCTION = YES;
				GCC_WARN_UNUSED_VARIABLE = YES;
				IPHONEOS_DEPLOYMENT_TARGET = 7.0;
				ONLY_ACTIVE_ARCH = YES;
				SDKROOT = iphoneos;
			};
			name = Debug;
		};
		D29DC44C18BF88EE003D5D24 /* Release */ = {
			isa = XCBuildConfiguration;
			buildSettings = {
				ALWAYS_SEARCH_USER_PATHS = NO;
				ARCHS = "$(ARCHS_STANDARD_INCLUDING_64_BIT)";
				CLANG_CXX_LANGUAGE_STANDARD = "gnu++0x";
				CLANG_CXX_LIBRARY = "libc++";
				CLANG_ENABLE_MODULES = YES;
				CLANG_ENABLE_OBJC_ARC = YES;
				CLANG_WARN_BOOL_CONVERSION = YES;
				CLANG_WARN_CONSTANT_CONVERSION = YES;
				CLANG_WARN_DIRECT_OBJC_ISA_USAGE = YES_ERROR;
				CLANG_WARN_EMPTY_BODY = YES;
				CLANG_WARN_ENUM_CONVERSION = YES;
				CLANG_WARN_INT_CONVERSION = YES;
				CLANG_WARN_OBJC_ROOT_CLASS = YES_ERROR;
				CLANG_WARN__DUPLICATE_METHOD_MATCH = YES;
				"CODE_SIGN_IDENTITY[sdk=iphoneos*]" = "iPhone Developer";
				COPY_PHASE_STRIP = YES;
				ENABLE_NS_ASSERTIONS = NO;
				GCC_C_LANGUAGE_STANDARD = gnu99;
				GCC_WARN_64_TO_32_BIT_CONVERSION = YES;
				GCC_WARN_ABOUT_RETURN_TYPE = YES_ERROR;
				GCC_WARN_UNDECLARED_SELECTOR = YES;
				GCC_WARN_UNINITIALIZED_AUTOS = YES;
				GCC_WARN_UNUSED_FUNCTION = YES;
				GCC_WARN_UNUSED_VARIABLE = YES;
				IPHONEOS_DEPLOYMENT_TARGET = 7.0;
				SDKROOT = iphoneos;
				VALIDATE_PRODUCT = YES;
			};
			name = Release;
		};
		D29DC44E18BF88EE003D5D24 /* Debug */ = {
			isa = XCBuildConfiguration;
			buildSettings = {
				ASSETCATALOG_COMPILER_APPICON_NAME = AppIcon;
				ASSETCATALOG_COMPILER_LAUNCHIMAGE_NAME = LaunchImage;
				GCC_PRECOMPILE_PREFIX_HEADER = YES;
				GCC_PREFIX_HEADER = "Checklists/Checklists-Prefix.pch";
				INFOPLIST_FILE = "Checklists/Checklists-Info.plist";
				PRODUCT_NAME = "$(TARGET_NAME)";
				WRAPPER_EXTENSION = app;
			};
			name = Debug;
		};
		D29DC44F18BF88EE003D5D24 /* Release */ = {
			isa = XCBuildConfiguration;
			buildSettings = {
				ASSETCATALOG_COMPILER_APPICON_NAME = AppIcon;
				ASSETCATALOG_COMPILER_LAUNCHIMAGE_NAME = LaunchImage;
				GCC_PRECOMPILE_PREFIX_HEADER = YES;
				GCC_PREFIX_HEADER = "Checklists/Checklists-Prefix.pch";
				INFOPLIST_FILE = "Checklists/Checklists-Info.plist";
				PRODUCT_NAME = "$(TARGET_NAME)";
				WRAPPER_EXTENSION = app;
			};
			name = Release;
		};
		D29DC45118BF88EE003D5D24 /* Debug */ = {
			isa = XCBuildConfiguration;
			buildSettings = {
				ARCHS = "$(ARCHS_STANDARD_INCLUDING_64_BIT)";
				BUNDLE_LOADER = "$(BUILT_PRODUCTS_DIR)/Checklists.app/Checklists";
				FRAMEWORK_SEARCH_PATHS = (
					"$(SDKROOT)/Developer/Library/Frameworks",
					"$(inherited)",
					"$(DEVELOPER_FRAMEWORKS_DIR)",
				);
				GCC_PRECOMPILE_PREFIX_HEADER = YES;
				GCC_PREFIX_HEADER = "Checklists/Checklists-Prefix.pch";
				GCC_PREPROCESSOR_DEFINITIONS = (
					"DEBUG=1",
					"$(inherited)",
				);
				INFOPLIST_FILE = "ChecklistsTests/ChecklistsTests-Info.plist";
				PRODUCT_NAME = "$(TARGET_NAME)";
				TEST_HOST = "$(BUNDLE_LOADER)";
				WRAPPER_EXTENSION = xctest;
			};
			name = Debug;
		};
		D29DC45218BF88EE003D5D24 /* Release */ = {
			isa = XCBuildConfiguration;
			buildSettings = {
				ARCHS = "$(ARCHS_STANDARD_INCLUDING_64_BIT)";
				BUNDLE_LOADER = "$(BUILT_PRODUCTS_DIR)/Checklists.app/Checklists";
				FRAMEWORK_SEARCH_PATHS = (
					"$(SDKROOT)/Developer/Library/Frameworks",
					"$(inherited)",
					"$(DEVELOPER_FRAMEWORKS_DIR)",
				);
				GCC_PRECOMPILE_PREFIX_HEADER = YES;
				GCC_PREFIX_HEADER = "Checklists/Checklists-Prefix.pch";
				INFOPLIST_FILE = "ChecklistsTests/ChecklistsTests-Info.plist";
				PRODUCT_NAME = "$(TARGET_NAME)";
				TEST_HOST = "$(BUNDLE_LOADER)";
				WRAPPER_EXTENSION = xctest;
			};
			name = Release;
		};
/* End XCBuildConfiguration section */

/* Begin XCConfigurationList section */
		D29DC41618BF88EE003D5D24 /* Build configuration list for PBXProject "Checklists" */ = {
			isa = XCConfigurationList;
			buildConfigurations = (
				D29DC44B18BF88EE003D5D24 /* Debug */,
				D29DC44C18BF88EE003D5D24 /* Release */,
			);
			defaultConfigurationIsVisible = 0;
			defaultConfigurationName = Release;
		};
		D29DC44D18BF88EE003D5D24 /* Build configuration list for PBXNativeTarget "Checklists" */ = {
			isa = XCConfigurationList;
			buildConfigurations = (
				D29DC44E18BF88EE003D5D24 /* Debug */,
				D29DC44F18BF88EE003D5D24 /* Release */,
			);
			defaultConfigurationIsVisible = 0;
			defaultConfigurationName = Release;
		};
		D29DC45018BF88EE003D5D24 /* Build configuration list for PBXNativeTarget "ChecklistsTests" */ = {
			isa = XCConfigurationList;
			buildConfigurations = (
				D29DC45118BF88EE003D5D24 /* Debug */,
				D29DC45218BF88EE003D5D24 /* Release */,
			);
			defaultConfigurationIsVisible = 0;
			defaultConfigurationName = Release;
		};
/* End XCConfigurationList section */
	};
	rootObject = D29DC41318BF88EE003D5D24 /* Project object */;
}
